
Microsoft Visual Studio Solution File, Format Version 12.00
# Visual Studio 2015
Project("{FAE04EC0-301F-11D3-BF4B-00C04F79EFBC}") = "Assembly-CSharp", "Assembly-CSharp.csproj", "{328CAF94-C1F4-A399-0451-CF128E7D66B0}"
EndProject
Project("{FAE04EC0-301F-11D3-BF4B-00C04F79EFBC}") = "Assembly-CSharp-Editor", "Assembly-CSharp-Editor.csproj", "{16C414A4-261C-37FD-A7C8-FCA03F819A98}"
EndProject
Global
	GlobalSection(SolutionConfigurationPlatforms) = preSolution
		Debug|Any CPU = Debug|Any CPU
		Release|Any CPU = Release|Any CPU
	EndGlobalSection
	GlobalSection(ProjectConfigurationPlatforms) = postSolution
		{328CAF94-C1F4-A399-0451-CF128E7D66B0}.Debug|Any CPU.ActiveCfg = Debug|Any CPU
		{328CAF94-C1F4-A399-0451-CF128E7D66B0}.Debug|Any CPU.Build.0 = Debug|Any CPU
		{328CAF94-C1F4-A399-0451-CF128E7D66B0}.Release|Any CPU.ActiveCfg = Release|Any CPU
		{328CAF94-C1F4-A399-0451-CF128E7D66B0}.Release|Any CPU.Build.0 = Release|Any CPU
		{16C414A4-261C-37FD-A7C8-FCA03F819A98}.Debug|Any CPU.ActiveCfg = Debug|Any CPU
		{16C414A4-261C-37FD-A7C8-FCA03F819A98}.Debug|Any CPU.Build.0 = Debug|Any CPU
		{16C414A4-261C-37FD-A7C8-FCA03F819A98}.Release|Any CPU.ActiveCfg = Release|Any CPU
		{16C414A4-261C-37FD-A7C8-FCA03F819A98}.Release|Any CPU.Build.0 = Release|Any CPU
	EndGlobalSection
	GlobalSection(SolutionProperties) = preSolution
		HideSolutionNode = FALSE
	EndGlobalSection
EndGlobal
